// !$*UTF8*$!
{
	archiveVersion = 1;
	classes = {
	};
	objectVersion = 77;
	objects = {

/* Begin PBXContainerItemProxy section */
		10F660DC2FD6BDA300F5DF23 /* PBXContainerItemProxy */ = {
			isa = PBXContainerItemProxy;
			containerPortal = 10F660BD2FD6BDA100F5DF23 /* Project object */;
			proxyType = 1;
			remoteGlobalIDString = 10F660C42FD6BDA100F5DF23;
			remoteInfo = ProtocolDelegateDemo;
		};
		10F660E62FD6BDA300F5DF23 /* PBXContainerItemProxy */ = {
			isa = PBXContainerItemProxy;
			containerPortal = 10F660BD2FD6BDA100F5DF23 /* Project object */;
			proxyType = 1;
			remoteGlobalIDString = 10F660C42FD6BDA100F5DF23;
			remoteInfo = ProtocolDelegateDemo;
		};
/* End PBXContainerItemProxy section */

/* Begin PBXFileReference section */
		10F660C52FD6BDA100F5DF23 /* ProtocolDelegateDemo.app */ = {isa = PBXFileReference; explicitFileType = wrapper.application; includeInIndex = 0; path = ProtocolDelegateDemo.app; sourceTree = BUILT_PRODUCTS_DIR; };
		10F660DB2FD6BDA300F5DF23 /* ProtocolDelegateDemoTests.xctest */ = {isa = PBXFileReference; explicitFileType = wrapper.cfbundle; includeInIndex = 0; path = ProtocolDelegateDemoTests.xctest; sourceTree = BUILT_PRODUCTS_DIR; };
		10F660E52FD6BDA300F5DF23 /* ProtocolDelegateDemoUITests.xctest */ = {isa = PBXFileReference; explicitFileType = wrapper.cfbundle; includeInIndex = 0; path = ProtocolDelegateDemoUITests.xctest; sourceTree = BUILT_PRODUCTS_DIR; };
/* End PBXFileReference section */

/* Begin PBXFileSystemSynchronizedBuildFileExceptionSet section */
		10F660ED2FD6BDA300F5DF23 /* Exceptions for "ProtocolDelegateDemo" folder in "ProtocolDelegateDemo" target */ = {
			isa = PBXFileSystemSynchronizedBuildFileExceptionSet;
			membershipExceptions = (
				Info.plist,
			);
			target = 10F660C42FD6BDA100F5DF23 /* ProtocolDelegateDemo */;
		};
/* End PBXFileSystemSynchronizedBuildFileExceptionSet section */

/* Begin PBXFileSystemSynchronizedRootGroup section */
		10F660C72FD6BDA100F5DF23 /* ProtocolDelegateDemo */ = {
			isa = PBXFileSystemSynchronizedRootGroup;
			exceptions = (
				10F660ED2FD6BDA300F5DF23 /* Exceptions for "ProtocolDelegateDemo" folder in "ProtocolDelegateDemo" target */,
			);
			path = ProtocolDelegateDemo;
			sourceTree = "<group>";
		};
		10F660DE2FD6BDA300F5DF23 /* ProtocolDelegateDemoTests */ = {
			isa = PBXFileSystemSynchronizedRootGroup;
			path = ProtocolDelegateDemoTests;
			sourceTree = "<group>";
		};
		10F660E82FD6BDA300F5DF23 /* ProtocolDelegateDemoUITests */ = {
			isa = PBXFileSystemSynchronizedRootGroup;
			path = ProtocolDelegateDemoUITests;
			sourceTree = "<group>";
		};
/* End PBXFileSystemSynchronizedRootGroup section */

/* Begin PBXFrameworksBuildPhase section */
		10F660C22FD6BDA100F5DF23 /* Frameworks */ = {
			isa = PBXFrameworksBuildPhase;
			buildActionMask = 2147483647;
			files = (
			);
			runOnlyForDeploymentPostprocessing = 0;
		};
		10F660D82FD6BDA300F5DF23 /* Frameworks */ = {
			isa = PBXFrameworksBuildPhase;
			buildActionMask = 2147483647;
			files = (
			);
			runOnlyForDeploymentPostprocessing = 0;
		};
		10F660E22FD6BDA300F5DF23 /* Frameworks */ = {
			isa = PBXFrameworksBuildPhase;
			buildActionMask = 2147483647;
			files = (
			);
			runOnlyForDeploymentPostprocessing = 0;
		};
/* End PBXFrameworksBuildPhase section */

/* Begin PBXGroup section */
		10F660BC2FD6BDA100F5DF23 = {
			isa = PBXGroup;
			children = (
				10F660C72FD6BDA100F5DF23 /* ProtocolDelegateDemo */,
				10F660DE2FD6BDA300F5DF23 /* ProtocolDelegateDemoTests */,
				10F660E82FD6BDA300F5DF23 /* ProtocolDelegateDemoUITests */,
				10F660C62FD6BDA100F5DF23 /* Products */,
			);
			sourceTree = "<group>";
		};
		10F660C62FD6BDA100F5DF23 /* Products */ = {
			isa = PBXGroup;
			children = (
				10F660C52FD6BDA100F5DF23 /* ProtocolDelegateDemo.app */,
				10F660DB2FD6BDA300F5DF23 /* ProtocolDelegateDemoTests.xctest */,
				10F660E52FD6BDA300F5DF23 /* ProtocolDelegateDemoUITests.xctest */,
			);
			name = Products;
			sourceTree = "<group>";
		};
/* End PBXGroup section */

/* Begin PBXNativeTarget section */
		10F660C42FD6BDA100F5DF23 /* ProtocolDelegateDemo */ = {
			isa = PBXNativeTarget;
			buildConfigurationList = 10F660EE2FD6BDA300F5DF23 /* Build configuration list for PBXNativeTarget "ProtocolDelegateDemo" */;
			buildPhases = (
				10F660C12FD6BDA100F5DF23 /* Sources */,
				10F660C22FD6BDA100F5DF23 /* Frameworks */,
				10F660C32FD6BDA100F5DF23 /* Resources */,
			);
			buildRules = (
			);
			dependencies = (
			);
			fileSystemSynchronizedGroups = (
				10F660C72FD6BDA100F5DF23 /* ProtocolDelegateDemo */,
			);
			name = ProtocolDelegateDemo;
			packageProductDependencies = (
			);
			productName = ProtocolDelegateDemo;
			productReference = 10F660C52FD6BDA100F5DF23 /* ProtocolDelegateDemo.app */;
			productType = "com.apple.product-type.application";
		};
		10F660DA2FD6BDA300F5DF23 /* ProtocolDelegateDemoTests */ = {
			isa = PBXNativeTarget;
			buildConfigurationList = 10F660F32FD6BDA300F5DF23 /* Build configuration list for PBXNativeTarget "ProtocolDelegateDemoTests" */;
			buildPhases = (
				10F660D72FD6BDA300F5DF23 /* Sources */,
				10F660D82FD6BDA300F5DF23 /* Frameworks */,
				10F660D92FD6BDA300F5DF23 /* Resources */,
			);
			buildRules = (
			);
			dependencies = (
				10F660DD2FD6BDA300F5DF23 /* PBXTargetDependency */,
			);
			fileSystemSynchronizedGroups = (
				10F660DE2FD6BDA300F5DF23 /* ProtocolDelegateDemoTests */,
			);
			name = ProtocolDelegateDemoTests;
			packageProductDependencies = (
			);
			productName = ProtocolDelegateDemoTests;
			productReference = 10F660DB2FD6BDA300F5DF23 /* ProtocolDelegateDemoTests.xctest */;
			productType = "com.apple.product-type.bundle.unit-test";
		};
		10F660E42FD6BDA300F5DF23 /* ProtocolDelegateDemoUITests */ = {
			isa = PBXNativeTarget;
			buildConfigurationList = 10F660F62FD6BDA300F5DF23 /* Build configuration list for PBXNativeTarget "ProtocolDelegateDemoUITests" */;
			buildPhases = (
				10F660E12FD6BDA300F5DF23 /* Sources */,
				10F660E22FD6BDA300F5DF23 /* Frameworks */,
				10F660E32FD6BDA300F5DF23 /* Resources */,
			);
			buildRules = (
			);
			dependencies = (
				10F660E72FD6BDA300F5DF23 /* PBXTargetDependency */,
			);
			fileSystemSynchronizedGroups = (
				10F660E82FD6BDA300F5DF23 /* ProtocolDelegateDemoUITests */,
			);
			name = ProtocolDelegateDemoUITests;
			packageProductDependencies = (
			);
			productName = ProtocolDelegateDemoUITests;
			productReference = 10F660E52FD6BDA300F5DF23 /* ProtocolDelegateDemoUITests.xctest */;
			productType = "com.apple.product-type.bundle.ui-testing";
		};
/* End PBXNativeTarget section */

/* Begin PBXProject section */
		10F660BD2FD6BDA100F5DF23 /* Project object */ = {
			isa = PBXProject;
			attributes = {
				BuildIndependentTargetsInParallel = 1;
				LastSwiftUpdateCheck = 2650;
				LastUpgradeCheck = 2650;
				TargetAttributes = {
					10F660C42FD6BDA100F5DF23 = {
						CreatedOnToolsVersion = 26.5;
					};
					10F660DA2FD6BDA300F5DF23 = {
						CreatedOnToolsVersion = 26.5;
						TestTargetID = 10F660C42FD6BDA100F5DF23;
					};
					10F660E42FD6BDA300F5DF23 = {
						CreatedOnToolsVersion = 26.5;
						TestTargetID = 10F660C42FD6BDA100F5DF23;
					};
				};
			};
			buildConfigurationList = 10F660C02FD6BDA100F5DF23 /* Build configuration list for PBXProject "ProtocolDelegateDemo" */;
			developmentRegion = en;
			hasScannedForEncodings = 0;
			knownRegions = (
				en,
				Base,
			);
			mainGroup = 10F660BC2FD6BDA100F5DF23;
			minimizedProjectReferenceProxies = 1;
			preferredProjectObjectVersion = 77;
			productRefGroup = 10F660C62FD6BDA100F5DF23 /* Products */;
			projectDirPath = "";
			projectRoot = "";
			targets = (
				10F660C42FD6BDA100F5DF23 /* ProtocolDelegateDemo */,
				10F660DA2FD6BDA300F5DF23 /* ProtocolDelegateDemoTests */,
				10F660E42FD6BDA300F5DF23 /* ProtocolDelegateDemoUITests */,
			);
		};
/* End PBXProject section */

/* Begin PBXResourcesBuildPhase section */
		10F660C32FD6BDA100F5DF23 /* Resources */ = {
			isa = PBXResourcesBuildPhase;
			buildActionMask = 2147483647;
			files = (
			);
			runOnlyForDeploymentPostprocessing = 0;
		};
		10F660D92FD6BDA300F5DF23 /* Resources */ = {
			isa = PBXResourcesBuildPhase;
			buildActionMask = 2147483647;
			files = (
			);
			runOnlyForDeploymentPostprocessing = 0;
		};
		10F660E32FD6BDA300F5DF23 /* Resources */ = {
			isa = PBXResourcesBuildPhase;
			buildActionMask = 2147483647;
			files = (
			);
			runOnlyForDeploymentPostprocessing = 0;
		};
/* End PBXResourcesBuildPhase section */

/* Begin PBXSourcesBuildPhase section */
		10F660C12FD6BDA100F5DF23 /* Sources */ = {
			isa = PBXSourcesBuildPhase;
			buildActionMask = 2147483647;
			files = (
			);
			runOnlyForDeploymentPostprocessing = 0;
		};
		10F660D72FD6BDA300F5DF23 /* Sources */ = {
			isa = PBXSourcesBuildPhase;
			buildActionMask = 2147483647;
			files = (
			);
			runOnlyForDeploymentPostprocessing = 0;
		};
		10F660E12FD6BDA300F5DF23 /* Sources */ = {
			isa = PBXSourcesBuildPhase;
			buildActionMask = 2147483647;
			files = (
			);
			runOnlyForDeploymentPostprocessing = 0;
		};
/* End PBXSourcesBuildPhase section */

/* Begin PBXTargetDependency section */
		10F660DD2FD6BDA300F5DF23 /* PBXTargetDependency */ = {
			isa = PBXTargetDependency;
			target = 10F660C42FD6BDA100F5DF23 /* ProtocolDelegateDemo */;
			targetProxy = 10F660DC2FD6BDA300F5DF23 /* PBXContainerItemProxy */;
		};
		10F660E72FD6BDA300F5DF23 /* PBXTargetDependency */ = {
			isa = PBXTargetDependency;
			target = 10F660C42FD6BDA100F5DF23 /* ProtocolDelegateDemo */;
			targetProxy = 10F660E62FD6BDA300F5DF23 /* PBXContainerItemProxy */;
		};
/* End PBXTargetDependency section */

/* Begin XCBuildConfiguration section */
		10F660EF2FD6BDA300F5DF23 /* Debug */ = {
			isa = XCBuildConfiguration;
			buildSettings = {
				ASSETCATALOG_COMPILER_APPICON_NAME = AppIcon;
				ASSETCATALOG_COMPILER_GLOBAL_ACCENT_COLOR_NAME = AccentColor;
				CODE_SIGN_STYLE = Automatic;
				CURRENT_PROJECT_VERSION = 1;
				GENERATE_INFOPLIST_FILE = YES;
				INFOPLIST_FILE = ProtocolDelegateDemo/Info.plist;
				INFOPLIST_KEY_UIApplicationSupportsIndirectInputEvents = YES;
				INFOPLIST_KEY_UILaunchStoryboardName = LaunchScreen;
				INFOPLIST_KEY_UISupportedInterfaceOrientations_iPad = "UIInterfaceOrientationPortrait UIInterfaceOrientationPortraitUpsideDown UIInterfaceOrientationLandscapeLeft UIInterfaceOrientationLandscapeRight";
				INFOPLIST_KEY_UISupportedInterfaceOrientations_iPhone = "UIInterfaceOrientationPortrait UIInterfaceOrientationLandscapeLeft UIInterfaceOrientationLandscapeRight";
				LD_RUNPATH_SEARCH_PATHS = (
					"$(inherited)",
					"@executable_path/Frameworks",
				);
				MARKETING_VERSION = 1.0;
				PRODUCT_BUNDLE_IDENTIFIER = com.personal.learning.ProtocolDelegateDemo;
				PRODUCT_NAME = "$(TARGET_NAME)";
				STRING_CATALOG_GENERATE_SYMBOLS = YES;
				SWIFT_APPROACHABLE_CONCURRENCY = YES;
				SWIFT_DEFAULT_ACTOR_ISOLATION = MainActor;
				SWIFT_EMIT_LOC_STRINGS = YES;
				SWIFT_UPCOMING_FEATURE_MEMBER_IMPORT_VISIBILITY = YES;
				SWIFT_VERSION = 5.0;
				TARGETED_DEVICE_FAMILY = "1,2";
			};
			name = Debug;
		};
		10F660F02FD6BDA300F5DF23 /* Release */ = {
			isa = XCBuildConfiguration;
			buildSettings = {
				ASSETCATALOG_COMPILER_APPICON_NAME = AppIcon;
				ASSETCATALOG_COMPILER_GLOBAL_ACCENT_COLOR_NAME = AccentColor;
				CODE_SIGN_STYLE = Automatic;
				CURRENT_PROJECT_VERSION = 1;
				GENERATE_INFOPLIST_FILE = YES;
				INFOPLIST_FILE = ProtocolDelegateDemo/Info.plist;
				INFOPLIST_KEY_UIApplicationSupportsIndirectInputEvents = YES;
				INFOPLIST_KEY_UILaunchStoryboardName = LaunchScreen;
				INFOPLIST_KEY_UISupportedInterfaceOrientations_iPad = "UIInterfaceOrientationPortrait UIInterfaceOrientationPortraitUpsideDown UIInterfaceOrientationLandscapeLeft UIInterfaceOrientationLandscapeRight";
				INFOPLIST_KEY_UISupportedInterfaceOrientations_iPhone = "UIInterfaceOrientationPortrait UIInterfaceOrientationLandscapeLeft UIInterfaceOrientationLandscapeRight";
				LD_RUNPATH_SEARCH_PATHS = (
					"$(inherited)",
					"@executable_path/Frameworks",
				);
				MARKETING_VERSION = 1.0;
				PRODUCT_BUNDLE_IDENTIFIER = com.personal.learning.ProtocolDelegateDemo;
				PRODUCT_NAME = "$(TARGET_NAME)";
				STRING_CATALOG_GENERATE_SYMBOLS = YES;
				SWIFT_APPROACHABLE_CONCURRENCY = YES;
				SWIFT_DEFAULT_ACTOR_ISOLATION = MainActor;
				SWIFT_EMIT_LOC_STRINGS = YES;
				SWIFT_UPCOMING_FEATURE_MEMBER_IMPORT_VISIBILITY = YES;
				SWIFT_VERSION = 5.0;
				TARGETED_DEVICE_FAMILY = "1,2";
			};
			name = Release;
		};
		10F660F12FD6BDA300F5DF23 /* Debug */ = {
			isa = XCBuildConfiguration;
			buildSettings = {
				ALWAYS_SEARCH_USER_PATHS = NO;
				ASSETCATALOG_COMPILER_GENERATE_SWIFT_ASSET_SYMBOL_EXTENSIONS = YES;
				CLANG_ANALYZER_NONNULL = YES;
				CLANG_ANALYZER_NUMBER_OBJECT_CONVERSION = YES_AGGRESSIVE;
				CLANG_CXX_LANGUAGE_STANDARD = "gnu++20";
				CLANG_ENABLE_MODULES = YES;
				CLANG_ENABLE_OBJC_ARC = YES;
				CLANG_ENABLE_OBJC_WEAK = YES;
				CLANG_WARN_BLOCK_CAPTURE_AUTORELEASING = YES;
				CLANG_WARN_BOOL_CONVERSION = YES;
				CLANG_WARN_COMMA = YES;
				CLANG_WARN_CONSTANT_CONVERSION = YES;
				CLANG_WARN_DEPRECATED_OBJC_IMPLEMENTATIONS = YES;
				CLANG_WARN_DIRECT_OBJC_ISA_USAGE = YES_ERROR;
				CLANG_WARN_DOCUMENTATION_COMMENTS = YES;
				CLANG_WARN_EMPTY_BODY = YES;
				CLANG_WARN_ENUM_CONVERSION = YES;
				CLANG_WARN_INFINITE_RECURSION = YES;
				CLANG_WARN_INT_CONVERSION = YES;
				CLANG_WARN_NON_LITERAL_NULL_CONVERSION = YES;
				CLANG_WARN_OBJC_IMPLICIT_RETAIN_SELF = YES;
				CLANG_WARN_OBJC_LITERAL_CONVERSION = YES;
				CLANG_WARN_OBJC_ROOT_CLASS = YES_ERROR;
				CLANG_WARN_QUOTED_INCLUDE_IN_FRAMEWORK_HEADER = YES;
				CLANG_WARN_RANGE_LOOP_ANALYSIS = YES;
				CLANG_WARN_STRICT_PROTOTYPES = YES;
				CLANG_WARN_SUSPICIOUS_MOVE = YES;
				CLANG_WARN_UNGUARDED_AVAILABILITY = YES_AGGRESSIVE;
				CLANG_WARN_UNREACHABLE_CODE = YES;
				CLANG_WARN__DUPLICATE_METHOD_MATCH = YES;
				COPY_PHASE_STRIP = NO;
				DEBUG_INFORMATION_FORMAT = dwarf;
				ENABLE_STRICT_OBJC_MSGSEND = YES;
				ENABLE_TESTABILITY = YES;
				ENABLE_USER_SCRIPT_SANDBOXING = YES;
				GCC_C_LANGUAGE_STANDARD = gnu17;
				GCC_DYNAMIC_NO_PIC = NO;
				GCC_NO_COMMON_BLOCKS = YES;
				GCC_OPTIMIZATION_LEVEL = 0;
				GCC_PREPROCESSOR_DEFINITIONS = (
					"DEBUG=1",
					"$(inherited)",
				);
				GCC_WARN_64_TO_32_BIT_CONVERSION = YES;
				GCC_WARN_ABOUT_RETURN_TYPE = YES_ERROR;
				GCC_WARN_UNDECLARED_SELECTOR = YES;
				GCC_WARN_UNINITIALIZED_AUTOS = YES_AGGRESSIVE;
				GCC_WARN_UNUSED_FUNCTION = YES;
				GCC_WARN_UNUSED_VARIABLE = YES;
				IPHONEOS_DEPLOYMENT_TARGET = 26.5;
				LOCALIZATION_PREFERS_STRING_CATALOGS = YES;
				MTL_ENABLE_DEBUG_INFO = INCLUDE_SOURCE;
				MTL_FAST_MATH = YES;
				ONLY_ACTIVE_ARCH = YES;
				SDKROOT = iphoneos;
				SWIFT_ACTIVE_COMPILATION_CONDITIONS = "DEBUG $(inherited)";
				SWIFT_OPTIMIZATION_LEVEL = "-Onone";
			};
			name = Debug;
		};
		10F660F22FD6BDA300F5DF23 /* Release */ = {
			isa = XCBuildConfiguration;
			buildSettings = {
				ALWAYS_SEARCH_USER_PATHS = NO;
				ASSETCATALOG_COMPILER_GENERATE_SWIFT_ASSET_SYMBOL_EXTENSIONS = YES;
				CLANG_ANALYZER_NONNULL = YES;
				CLANG_ANALYZER_NUMBER_OBJECT_CONVERSION = YES_AGGRESSIVE;
				CLANG_CXX_LANGUAGE_STANDARD = "gnu++20";
				CLANG_ENABLE_MODULES = YES;
				CLANG_ENABLE_OBJC_ARC = YES;
				CLANG_ENABLE_OBJC_WEAK = YES;
				CLANG_WARN_BLOCK_CAPTURE_AUTORELEASING = YES;
				CLANG_WARN_BOOL_CONVERSION = YES;
				CLANG_WARN_COMMA = YES;
				CLANG_WARN_CONSTANT_CONVERSION = YES;
				CLANG_WARN_DEPRECATED_OBJC_IMPLEMENTATIONS = YES;
				CLANG_WARN_DIRECT_OBJC_ISA_USAGE = YES_ERROR;
				CLANG_WARN_DOCUMENTATION_COMMENTS = YES;
				CLANG_WARN_EMPTY_BODY = YES;
				CLANG_WARN_ENUM_CONVERSION = YES;
				CLANG_WARN_INFINITE_RECURSION = YES;
				CLANG_WARN_INT_CONVERSION = YES;
				CLANG_WARN_NON_LITERAL_NULL_CONVERSION = YES;
				CLANG_WARN_OBJC_IMPLICIT_RETAIN_SELF = YES;
				CLANG_WARN_OBJC_LITERAL_CONVERSION = YES;
				CLANG_WARN_OBJC_ROOT_CLASS = YES_ERROR;
				CLANG_WARN_QUOTED_INCLUDE_IN_FRAMEWORK_HEADER = YES;
				CLANG_WARN_RANGE_LOOP_ANALYSIS = YES;
				CLANG_WARN_STRICT_PROTOTYPES = YES;
				CLANG_WARN_SUSPICIOUS_MOVE = YES;
				CLANG_WARN_UNGUARDED_AVAILABILITY = YES_AGGRESSIVE;
				CLANG_WARN_UNREACHABLE_CODE = YES;
				CLANG_WARN__DUPLICATE_METHOD_MATCH = YES;
				COPY_PHASE_STRIP = NO;
				DEBUG_INFORMATION_FORMAT = "dwarf-with-dsym";
				ENABLE_NS_ASSERTIONS = NO;
				ENABLE_STRICT_OBJC_MSGSEND = YES;
				ENABLE_USER_SCRIPT_SANDBOXING = YES;
				GCC_C_LANGUAGE_STANDARD = gnu17;
				GCC_NO_COMMON_BLOCKS = YES;
				GCC_WARN_64_TO_32_BIT_CONVERSION = YES;
				GCC_WARN_ABOUT_RETURN_TYPE = YES_ERROR;
				GCC_WARN_UNDECLARED_SELECTOR = YES;
				GCC_WARN_UNINITIALIZED_AUTOS = YES_AGGRESSIVE;
				GCC_WARN_UNUSED_FUNCTION = YES;
				GCC_WARN_UNUSED_VARIABLE = YES;
				IPHONEOS_DEPLOYMENT_TARGET = 26.5;
				LOCALIZATION_PREFERS_STRING_CATALOGS = YES;
				MTL_ENABLE_DEBUG_INFO = NO;
				MTL_FAST_MATH = YES;
				SDKROOT = iphoneos;
				SWIFT_COMPILATION_MODE = wholemodule;
				VALIDATE_PRODUCT = YES;
			};
			name = Release;
		};
		10F660F42FD6BDA300F5DF23 /* Debug */ = {
			isa = XCBuildConfiguration;
			buildSettings = {
				BUNDLE_LOADER = "$(TEST_HOST)";
				CODE_SIGN_STYLE = Automatic;
				CURRENT_PROJECT_VERSION = 1;
				GENERATE_INFOPLIST_FILE = YES;
				IPHONEOS_DEPLOYMENT_TARGET = 26.5;
				MARKETING_VERSION = 1.0;
				PRODUCT_BUNDLE_IDENTIFIER = com.personal.learning.ProtocolDelegateDemoTests;
				PRODUCT_NAME = "$(TARGET_NAME)";
				STRING_CATALOG_GENERATE_SYMBOLS = NO;
				SWIFT_APPROACHABLE_CONCURRENCY = YES;
				SWIFT_EMIT_LOC_STRINGS = NO;
				SWIFT_UPCOMING_FEATURE_MEMBER_IMPORT_VISIBILITY = YES;
				SWIFT_VERSION = 5.0;
				TARGETED_DEVICE_FAMILY = "1,2";
				TEST_HOST = "$(BUILT_PRODUCTS_DIR)/ProtocolDelegateDemo.app/$(BUNDLE_EXECUTABLE_FOLDER_PATH)/ProtocolDelegateDemo";
			};
			name = Debug;
		};
		10F660F52FD6BDA300F5DF23 /* Release */ = {
			isa = XCBuildConfiguration;
			buildSettings = {
				BUNDLE_LOADER = "$(TEST_HOST)";
				CODE_SIGN_STYLE = Automatic;
				CURRENT_PROJECT_VERSION = 1;
				GENERATE_INFOPLIST_FILE = YES;
				IPHONEOS_DEPLOYMENT_TARGET = 26.5;
				MARKETING_VERSION = 1.0;
				PRODUCT_BUNDLE_IDENTIFIER = com.personal.learning.ProtocolDelegateDemoTests;
				PRODUCT_NAME = "$(TARGET_NAME)";
				STRING_CATALOG_GENERATE_SYMBOLS = NO;
				SWIFT_APPROACHABLE_CONCURRENCY = YES;
				SWIFT_EMIT_LOC_STRINGS = NO;
				SWIFT_UPCOMING_FEATURE_MEMBER_IMPORT_VISIBILITY = YES;
				SWIFT_VERSION = 5.0;
				TARGETED_DEVICE_FAMILY = "1,2";
				TEST_HOST = "$(BUILT_PRODUCTS_DIR)/ProtocolDelegateDemo.app/$(BUNDLE_EXECUTABLE_FOLDER_PATH)/ProtocolDelegateDemo";
			};
			name = Release;
		};
		10F660F72FD6BDA300F5DF23 /* Debug */ = {
			isa = XCBuildConfiguration;
			buildSettings = {
				CODE_SIGN_STYLE = Automatic;
				CURRENT_PROJECT_VERSION = 1;
				GENERATE_INFOPLIST_FILE = YES;
				MARKETING_VERSION = 1.0;
				PRODUCT_BUNDLE_IDENTIFIER = com.personal.learning.ProtocolDelegateDemoUITests;
				PRODUCT_NAME = "$(TARGET_NAME)";
				STRING_CATALOG_GENERATE_SYMBOLS = NO;
				SWIFT_APPROACHABLE_CONCURRENCY = YES;
				SWIFT_EMIT_LOC_STRINGS = NO;
				SWIFT_UPCOMING_FEATURE_MEMBER_IMPORT_VISIBILITY = YES;
				SWIFT_VERSION = 5.0;
				TARGETED_DEVICE_FAMILY = "1,2";
				TEST_TARGET_NAME = ProtocolDelegateDemo;
			};
			name = Debug;
		};
		10F660F82FD6BDA300F5DF23 /* Release */ = {
			isa = XCBuildConfiguration;
			buildSettings = {
				CODE_SIGN_STYLE = Automatic;
				CURRENT_PROJECT_VERSION = 1;
				GENERATE_INFOPLIST_FILE = YES;
				MARKETING_VERSION = 1.0;
				PRODUCT_BUNDLE_IDENTIFIER = com.personal.learning.ProtocolDelegateDemoUITests;
				PRODUCT_NAME = "$(TARGET_NAME)";
				STRING_CATALOG_GENERATE_SYMBOLS = NO;
				SWIFT_APPROACHABLE_CONCURRENCY = YES;
				SWIFT_EMIT_LOC_STRINGS = NO;
				SWIFT_UPCOMING_FEATURE_MEMBER_IMPORT_VISIBILITY = YES;
				SWIFT_VERSION = 5.0;
				TARGETED_DEVICE_FAMILY = "1,2";
				TEST_TARGET_NAME = ProtocolDelegateDemo;
			};
			name = Release;
		};
/* End XCBuildConfiguration section */

/* Begin XCConfigurationList section */
		10F660C02FD6BDA100F5DF23 /* Build configuration list for PBXProject "ProtocolDelegateDemo" */ = {
			isa = XCConfigurationList;
			buildConfigurations = (
				10F660F12FD6BDA300F5DF23 /* Debug */,
				10F660F22FD6BDA300F5DF23 /* Release */,
			);
			defaultConfigurationIsVisible = 0;
			defaultConfigurationName = Release;
		};
		10F660EE2FD6BDA300F5DF23 /* Build configuration list for PBXNativeTarget "ProtocolDelegateDemo" */ = {
			isa = XCConfigurationList;
			buildConfigurations = (
				10F660EF2FD6BDA300F5DF23 /* Debug */,
				10F660F02FD6BDA300F5DF23 /* Release */,
			);
			defaultConfigurationIsVisible = 0;
			defaultConfigurationName = Release;
		};
		10F660F32FD6BDA300F5DF23 /* Build configuration list for PBXNativeTarget "ProtocolDelegateDemoTests" */ = {
			isa = XCConfigurationList;
			buildConfigurations = (
				10F660F42FD6BDA300F5DF23 /* Debug */,
				10F660F52FD6BDA300F5DF23 /* Release */,
			);
			defaultConfigurationIsVisible = 0;
			defaultConfigurationName = Release;
		};
		10F660F62FD6BDA300F5DF23 /* Build configuration list for PBXNativeTarget "ProtocolDelegateDemoUITests" */ = {
			isa = XCConfigurationList;
			buildConfigurations = (
				10F660F72FD6BDA300F5DF23 /* Debug */,
				10F660F82FD6BDA300F5DF23 /* Release */,
			);
			defaultConfigurationIsVisible = 0;
			defaultConfigurationName = Release;
		};
/* End XCConfigurationList section */
	};
	rootObject = 10F660BD2FD6BDA100F5DF23 /* Project object */;
}
